
Microsoft Visual Studio Solution File, Format Version 12.00
# Visual Studio 15
VisualStudioVersion = 15.0.26403.7
MinimumVisualStudioVersion = 10.0.40219.1
Project("{FAE04EC0-301F-11D3-BF4B-00C04F79EFBC}") = "LibMade.Common", "LibMade.Common\LibMade.Common.csproj", "{44EEA7BA-5A86-4702-BF42-36A06F44FDBA}"
EndProject
Project("{FAE04EC0-301F-11D3-BF4B-00C04F79EFBC}") = "LibMade.Wpf", "LibMade.Wpf\LibMade.Wpf.csproj", "{51B9B4A3-AAF5-47A7-A843-FCFDAB73EFE1}"
EndProject
Project("{FAE04EC0-301F-11D3-BF4B-00C04F79EFBC}") = "LibMade.Test", "LibMade.Test\LibMade.Test.csproj", "{DDF79920-C66B-447D-B9BA-6C9497D3EF26}"
EndProject
Global
	GlobalSection(SolutionConfigurationPlatforms) = preSolution
		Debug|Any CPU = Debug|Any CPU
		Release|Any CPU = Release|Any CPU
	EndGlobalSection
	GlobalSection(ProjectConfigurationPlatforms) = postSolution
		{44EEA7BA-5A86-4702-BF42-36A06F44FDBA}.Debug|Any CPU.ActiveCfg = Debug|Any CPU
		{44EEA7BA-5A86-4702-BF42-36A06F44FDBA}.Debug|Any CPU.Build.0 = Debug|Any CPU
		{44EEA7BA-5A86-4702-BF42-36A06F44FDBA}.Release|Any CPU.ActiveCfg = Release|Any CPU
		{44EEA7BA-5A86-4702-BF42-36A06F44FDBA}.Release|Any CPU.Build.0 = Release|Any CPU
		{51B9B4A3-AAF5-47A7-A843-FCFDAB73EFE1}.Debug|Any CPU.ActiveCfg = Debug|Any CPU
		{51B9B4A3-AAF5-47A7-A843-FCFDAB73EFE1}.Debug|Any CPU.Build.0 = Debug|Any CPU
		{51B9B4A3-AAF5-47A7-A843-FCFDAB73EFE1}.Release|Any CPU.ActiveCfg = Release|Any CPU
		{51B9B4A3-AAF5-47A7-A843-FCFDAB73EFE1}.Release|Any CPU.Build.0 = Release|Any CPU
		{DDF79920-C66B-447D-B9BA-6C9497D3EF26}.Debug|Any CPU.ActiveCfg = Debug|Any CPU
		{DDF79920-C66B-447D-B9BA-6C9497D3EF26}.Debug|Any CPU.Build.0 = Debug|Any CPU
		{DDF79920-C66B-447D-B9BA-6C9497D3EF26}.Release|Any CPU.ActiveCfg = Release|Any CPU
		{DDF79920-C66B-447D-B9BA-6C9497D3EF26}.Release|Any CPU.Build.0 = Release|Any CPU
	EndGlobalSection
	GlobalSection(SolutionProperties) = preSolution
		HideSolutionNode = FALSE
	EndGlobalSection
EndGlobal
